// !$*UTF8*$!
{
	archiveVersion = 1;
	classes = {
	};
	objectVersion = 56;
	objects = {

/* Begin PBXBuildFile section */
		A1000001 /* TimeTrackerCompanionApp.swift in Sources */ = {isa = PBXBuildFile; fileRef = A2000001 /* TimeTrackerCompanionApp.swift */; };
		A1000002 /* ResearchGroup.swift in Sources */ = {isa = PBXBuildFile; fileRef = A2000002 /* ResearchGroup.swift */; };
		A1000003 /* TimeEntryRequest.swift in Sources */ = {isa = PBXBuildFile; fileRef = A2000003 /* TimeEntryRequest.swift */; };
		A1000004 /* TimeEntryResponse.swift in Sources */ = {isa = PBXBuildFile; fileRef = A2000004 /* TimeEntryResponse.swift */; };
		A1000005 /* MenuContentView.swift in Sources */ = {isa = PBXBuildFile; fileRef = A2000005 /* MenuContentView.swift */; };
		A1000006 /* PromptView.swift in Sources */ = {isa = PBXBuildFile; fileRef = A2000006 /* PromptView.swift */; };
		A1000007 /* SettingsView.swift in Sources */ = {isa = PBXBuildFile; fileRef = A2000007 /* SettingsView.swift */; };
		A1000008 /* APIClient.swift in Sources */ = {isa = PBXBuildFile; fileRef = A2000008 /* APIClient.swift */; };
		A1000009 /* PromptManager.swift in Sources */ = {isa = PBXBuildFile; fileRef = A2000009 /* PromptManager.swift */; };
		A100000A /* SettingsManager.swift in Sources */ = {isa = PBXBuildFile; fileRef = A200000A /* SettingsManager.swift */; };
		A100000C /* NotificationManager.swift in Sources */ = {isa = PBXBuildFile; fileRef = A200000E /* NotificationManager.swift */; };
		A100000D /* FlaskServerManager.swift in Sources */ = {isa = PBXBuildFile; fileRef = A200000F /* FlaskServerManager.swift */; };
		A100000E /* Project.swift in Sources */ = {isa = PBXBuildFile; fileRef = A2000010 /* Project.swift */; };
		A100000B /* Assets.xcassets in Resources */ = {isa = PBXBuildFile; fileRef = A200000B /* Assets.xcassets */; };
		B1000001 /* SettingsManagerTests.swift in Sources */ = {isa = PBXBuildFile; fileRef = B2000001 /* SettingsManagerTests.swift */; };
		B1000002 /* APIClientTests.swift in Sources */ = {isa = PBXBuildFile; fileRef = B2000002 /* APIClientTests.swift */; };
		B1000003 /* PromptManagerTests.swift in Sources */ = {isa = PBXBuildFile; fileRef = B2000003 /* PromptManagerTests.swift */; };
/* End PBXBuildFile section */

/* Begin PBXContainerItemProxy section */
		B3000001 /* PBXContainerItemProxy */ = {
			isa = PBXContainerItemProxy;
			containerPortal = A8000001 /* Project object */;
			proxyType = 1;
			remoteGlobalIDString = A6000001;
			remoteInfo = TimeTrackerCompanion;
		};
/* End PBXContainerItemProxy section */

/* Begin PBXFileReference section */
		A2000001 /* TimeTrackerCompanionApp.swift */ = {isa = PBXFileReference; lastKnownFileType = sourcecode.swift; path = TimeTrackerCompanionApp.swift; sourceTree = "<group>"; };
		A2000002 /* ResearchGroup.swift */ = {isa = PBXFileReference; lastKnownFileType = sourcecode.swift; path = ResearchGroup.swift; sourceTree = "<group>"; };
		A2000003 /* TimeEntryRequest.swift */ = {isa = PBXFileReference; lastKnownFileType = sourcecode.swift; path = TimeEntryRequest.swift; sourceTree = "<group>"; };
		A2000004 /* TimeEntryResponse.swift */ = {isa = PBXFileReference; lastKnownFileType = sourcecode.swift; path = TimeEntryResponse.swift; sourceTree = "<group>"; };
		A2000005 /* MenuContentView.swift */ = {isa = PBXFileReference; lastKnownFileType = sourcecode.swift; path = MenuContentView.swift; sourceTree = "<group>"; };
		A2000006 /* PromptView.swift */ = {isa = PBXFileReference; lastKnownFileType = sourcecode.swift; path = PromptView.swift; sourceTree = "<group>"; };
		A2000007 /* SettingsView.swift */ = {isa = PBXFileReference; lastKnownFileType = sourcecode.swift; path = SettingsView.swift; sourceTree = "<group>"; };
		A2000008 /* APIClient.swift */ = {isa = PBXFileReference; lastKnownFileType = sourcecode.swift; path = APIClient.swift; sourceTree = "<group>"; };
		A2000009 /* PromptManager.swift */ = {isa = PBXFileReference; lastKnownFileType = sourcecode.swift; path = PromptManager.swift; sourceTree = "<group>"; };
		A200000A /* SettingsManager.swift */ = {isa = PBXFileReference; lastKnownFileType = sourcecode.swift; path = SettingsManager.swift; sourceTree = "<group>"; };
		A200000E /* NotificationManager.swift */ = {isa = PBXFileReference; lastKnownFileType = sourcecode.swift; path = NotificationManager.swift; sourceTree = "<group>"; };
		A200000F /* FlaskServerManager.swift */ = {isa = PBXFileReference; lastKnownFileType = sourcecode.swift; path = FlaskServerManager.swift; sourceTree = "<group>"; };
		A2000010 /* Project.swift */ = {isa = PBXFileReference; lastKnownFileType = sourcecode.swift; path = Project.swift; sourceTree = "<group>"; };
		A200000B /* Assets.xcassets */ = {isa = PBXFileReference; lastKnownFileType = folder.assetcatalog; path = Assets.xcassets; sourceTree = "<group>"; };
		A200000C /* Info.plist */ = {isa = PBXFileReference; lastKnownFileType = text.plist.xml; path = Info.plist; sourceTree = "<group>"; };
		A200000D /* TimeTrackerCompanion.entitlements */ = {isa = PBXFileReference; lastKnownFileType = text.plist.entitlements; path = TimeTrackerCompanion.entitlements; sourceTree = "<group>"; };
		A3000001 /* TimeTrackerCompanion.app */ = {isa = PBXFileReference; explicitFileType = wrapper.application; includeInIndex = 0; path = TimeTrackerCompanion.app; sourceTree = BUILT_PRODUCTS_DIR; };
		B2000001 /* SettingsManagerTests.swift */ = {isa = PBXFileReference; lastKnownFileType = sourcecode.swift; path = SettingsManagerTests.swift; sourceTree = "<group>"; };
		B2000002 /* APIClientTests.swift */ = {isa = PBXFileReference; lastKnownFileType = sourcecode.swift; path = APIClientTests.swift; sourceTree = "<group>"; };
		B2000003 /* PromptManagerTests.swift */ = {isa = PBXFileReference; lastKnownFileType = sourcecode.swift; path = PromptManagerTests.swift; sourceTree = "<group>"; };
		B3000002 /* TimeTrackerCompanionTests.xctest */ = {isa = PBXFileReference; explicitFileType = wrapper.cfbundle; includeInIndex = 0; path = TimeTrackerCompanionTests.xctest; sourceTree = BUILT_PRODUCTS_DIR; };
/* End PBXFileReference section */

/* Begin PBXFrameworksBuildPhase section */
		A4000001 /* Frameworks */ = {
			isa = PBXFrameworksBuildPhase;
			buildActionMask = 2147483647;
			files = (
			);
			runOnlyForDeploymentPostprocessing = 0;
		};
		B4000001 /* Frameworks */ = {
			isa = PBXFrameworksBuildPhase;
			buildActionMask = 2147483647;
			files = (
			);
			runOnlyForDeploymentPostprocessing = 0;
		};
/* End PBXFrameworksBuildPhase section */

/* Begin PBXGroup section */
		A5000001 = {
			isa = PBXGroup;
			children = (
				A5000002 /* TimeTrackerCompanion */,
				B5000001 /* TimeTrackerCompanionTests */,
				A5000003 /* Products */,
			);
			sourceTree = "<group>";
		};
		A5000002 /* TimeTrackerCompanion */ = {
			isa = PBXGroup;
			children = (
				A2000001 /* TimeTrackerCompanionApp.swift */,
				A5000004 /* Models */,
				A5000005 /* Views */,
				A5000006 /* Services */,
				A200000B /* Assets.xcassets */,
				A200000C /* Info.plist */,
				A200000D /* TimeTrackerCompanion.entitlements */,
			);
			path = TimeTrackerCompanion;
			sourceTree = "<group>";
		};
		A5000003 /* Products */ = {
			isa = PBXGroup;
			children = (
				A3000001 /* TimeTrackerCompanion.app */,
				B3000002 /* TimeTrackerCompanionTests.xctest */,
			);
			name = Products;
			sourceTree = "<group>";
		};
		A5000004 /* Models */ = {
			isa = PBXGroup;
			children = (
				A2000002 /* ResearchGroup.swift */,
				A2000010 /* Project.swift */,
				A2000003 /* TimeEntryRequest.swift */,
				A2000004 /* TimeEntryResponse.swift */,
			);
			path = Models;
			sourceTree = "<group>";
		};
		A5000005 /* Views */ = {
			isa = PBXGroup;
			children = (
				A2000005 /* MenuContentView.swift */,
				A2000006 /* PromptView.swift */,
				A2000007 /* SettingsView.swift */,
			);
			path = Views;
			sourceTree = "<group>";
		};
		A5000006 /* Services */ = {
			isa = PBXGroup;
			children = (
				A2000008 /* APIClient.swift */,
				A2000009 /* PromptManager.swift */,
				A200000A /* SettingsManager.swift */,
				A200000E /* NotificationManager.swift */,
				A200000F /* FlaskServerManager.swift */,
			);
			path = Services;
			sourceTree = "<group>";
		};
		B5000001 /* TimeTrackerCompanionTests */ = {
			isa = PBXGroup;
			children = (
				B2000001 /* SettingsManagerTests.swift */,
				B2000002 /* APIClientTests.swift */,
				B2000003 /* PromptManagerTests.swift */,
			);
			path = TimeTrackerCompanionTests;
			sourceTree = "<group>";
		};
/* End PBXGroup section */

/* Begin PBXNativeTarget section */
		A6000001 /* TimeTrackerCompanion */ = {
			isa = PBXNativeTarget;
			buildConfigurationList = A7000003 /* Build configuration list for PBXNativeTarget "TimeTrackerCompanion" */;
			buildPhases = (
				A6000002 /* Sources */,
				A4000001 /* Frameworks */,
				A6000003 /* Resources */,
			);
			buildRules = (
			);
			dependencies = (
			);
			name = TimeTrackerCompanion;
			productName = TimeTrackerCompanion;
			productReference = A3000001 /* TimeTrackerCompanion.app */;
			productType = "com.apple.product-type.application";
		};
		B6000001 /* TimeTrackerCompanionTests */ = {
			isa = PBXNativeTarget;
			buildConfigurationList = B7000001 /* Build configuration list for PBXNativeTarget "TimeTrackerCompanionTests" */;
			buildPhases = (
				B6000002 /* Sources */,
				B4000001 /* Frameworks */,
				B6000003 /* Resources */,
			);
			buildRules = (
			);
			dependencies = (
				B6000004 /* PBXTargetDependency */,
			);
			name = TimeTrackerCompanionTests;
			productName = TimeTrackerCompanionTests;
			productReference = B3000002 /* TimeTrackerCompanionTests.xctest */;
			productType = "com.apple.product-type.bundle.unit-test";
		};
/* End PBXNativeTarget section */

/* Begin PBXProject section */
		A8000001 /* Project object */ = {
			isa = PBXProject;
			attributes = {
				BuildIndependentTargetsInParallel = 1;
				LastSwiftUpdateCheck = 1500;
				LastUpgradeCheck = 1500;
				TargetAttributes = {
					A6000001 = {
						CreatedOnToolsVersion = 15.0;
					};
					B6000001 = {
						CreatedOnToolsVersion = 15.0;
						TestTargetID = A6000001;
					};
				};
			};
			buildConfigurationList = A7000001 /* Build configuration list for PBXProject "TimeTrackerCompanion" */;
			compatibilityVersion = "Xcode 14.0";
			developmentRegion = en;
			hasScannedForEncodings = 0;
			knownRegions = (
				en,
				Base,
			);
			mainGroup = A5000001;
			productRefGroup = A5000003 /* Products */;
			projectDirPath = "";
			projectRoot = "";
			targets = (
				A6000001 /* TimeTrackerCompanion */,
				B6000001 /* TimeTrackerCompanionTests */,
			);
		};
/* End PBXProject section */

/* Begin PBXResourcesBuildPhase section */
		A6000003 /* Resources */ = {
			isa = PBXResourcesBuildPhase;
			buildActionMask = 2147483647;
			files = (
				A100000B /* Assets.xcassets in Resources */,
			);
			runOnlyForDeploymentPostprocessing = 0;
		};
		B6000003 /* Resources */ = {
			isa = PBXResourcesBuildPhase;
			buildActionMask = 2147483647;
			files = (
			);
			runOnlyForDeploymentPostprocessing = 0;
		};
/* End PBXResourcesBuildPhase section */

/* Begin PBXSourcesBuildPhase section */
		A6000002 /* Sources */ = {
			isa = PBXSourcesBuildPhase;
			buildActionMask = 2147483647;
			files = (
				A1000001 /* TimeTrackerCompanionApp.swift in Sources */,
				A1000002 /* ResearchGroup.swift in Sources */,
				A1000003 /* TimeEntryRequest.swift in Sources */,
				A1000004 /* TimeEntryResponse.swift in Sources */,
				A1000005 /* MenuContentView.swift in Sources */,
				A1000006 /* PromptView.swift in Sources */,
				A1000007 /* SettingsView.swift in Sources */,
				A1000008 /* APIClient.swift in Sources */,
				A1000009 /* PromptManager.swift in Sources */,
				A100000A /* SettingsManager.swift in Sources */,
				A100000C /* NotificationManager.swift in Sources */,
				A100000D /* FlaskServerManager.swift in Sources */,
				A100000E /* Project.swift in Sources */,
			);
			runOnlyForDeploymentPostprocessing = 0;
		};
		B6000002 /* Sources */ = {
			isa = PBXSourcesBuildPhase;
			buildActionMask = 2147483647;
			files = (
				B1000001 /* SettingsManagerTests.swift in Sources */,
				B1000002 /* APIClientTests.swift in Sources */,
				B1000003 /* PromptManagerTests.swift in Sources */,
			);
			runOnlyForDeploymentPostprocessing = 0;
		};
/* End PBXSourcesBuildPhase section */

/* Begin PBXTargetDependency section */
		B6000004 /* PBXTargetDependency */ = {
			isa = PBXTargetDependency;
			target = A6000001 /* TimeTrackerCompanion */;
			targetProxy = B3000001 /* PBXContainerItemProxy */;
		};
/* End PBXTargetDependency section */

/* Begin XCBuildConfiguration section */
		A7000002 /* Debug */ = {
			isa = XCBuildConfiguration;
			buildSettings = {
				ALWAYS_SEARCH_USER_PATHS = NO;
				ASSETCATALOG_COMPILER_GENERATE_SWIFT_ASSET_SYMBOL_EXTENSIONS = YES;
				CLANG_ANALYZER_NONNULL = YES;
				CLANG_ANALYZER_NUMBER_OBJECT_CONVERSION = YES_AGGRESSIVE;
				CLANG_CXX_LANGUAGE_STANDARD = "gnu++20";
				CLANG_ENABLE_MODULES = YES;
				CLANG_ENABLE_OBJC_ARC = YES;
				CLANG_ENABLE_OBJC_WEAK = YES;
				CLANG_WARN_BLOCK_CAPTURE_AUTORELEASING = YES;
				CLANG_WARN_BOOL_CONVERSION = YES;
				CLANG_WARN_COMMA = YES;
				CLANG_WARN_CONSTANT_CONVERSION = YES;
				CLANG_WARN_DEPRECATED_OBJC_IMPLEMENTATIONS = YES;
				CLANG_WARN_DIRECT_OBJC_ISA_USAGE = YES_ERROR;
				CLANG_WARN_DOCUMENTATION_COMMENTS = YES;
				CLANG_WARN_EMPTY_BODY = YES;
				CLANG_WARN_ENUM_CONVERSION = YES;
				CLANG_WARN_INFINITE_RECURSION = YES;
				CLANG_WARN_INT_CONVERSION = YES;
				CLANG_WARN_NON_LITERAL_NULL_CONVERSION = YES;
				CLANG_WARN_OBJC_IMPLICIT_RETAIN_SELF = YES;
				CLANG_WARN_OBJC_LITERAL_CONVERSION = YES;
				CLANG_WARN_OBJC_ROOT_CLASS = YES_ERROR;
				CLANG_WARN_QUOTED_INCLUDE_IN_FRAMEWORK_HEADER = YES;
				CLANG_WARN_RANGE_LOOP_ANALYSIS = YES;
				CLANG_WARN_STRICT_PROTOTYPES = YES;
				CLANG_WARN_SUSPICIOUS_MOVE = YES;
				CLANG_WARN_UNGUARDED_AVAILABILITY = YES_AGGRESSIVE;
				CLANG_WARN_UNREACHABLE_CODE = YES;
				CLANG_WARN__DUPLICATE_METHOD_MATCH = YES;
				COPY_PHASE_STRIP = NO;
				DEBUG_INFORMATION_FORMAT = dwarf;
				ENABLE_STRICT_OBJC_MSGSEND = YES;
				ENABLE_TESTABILITY = YES;
				ENABLE_USER_SCRIPT_SANDBOXING = YES;
				GCC_C_LANGUAGE_STANDARD = gnu17;
				GCC_DYNAMIC_NO_PIC = NO;
				GCC_NO_COMMON_BLOCKS = YES;
				GCC_OPTIMIZATION_LEVEL = 0;
				GCC_PREPROCESSOR_DEFINITIONS = (
					"DEBUG=1",
					"$(inherited)",
				);
				GCC_WARN_64_TO_32_BIT_CONVERSION = YES;
				GCC_WARN_ABOUT_RETURN_TYPE = YES_ERROR;
				GCC_WARN_UNDECLARED_SELECTOR = YES;
				GCC_WARN_UNINITIALIZED_AUTOS = YES_AGGRESSIVE;
				GCC_WARN_UNUSED_FUNCTION = YES;
				GCC_WARN_UNUSED_VARIABLE = YES;
				LOCALIZATION_PREFERS_STRING_CATALOGS = YES;
				MACOSX_DEPLOYMENT_TARGET = 13.0;
				MTL_ENABLE_DEBUG_INFO = INCLUDE_SOURCE;
				MTL_FAST_MATH = YES;
				ONLY_ACTIVE_ARCH = YES;
				SDKROOT = macosx;
				SWIFT_ACTIVE_COMPILATION_CONDITIONS = "DEBUG $(inherited)";
				SWIFT_OPTIMIZATION_LEVEL = "-Onone";
			};
			name = Debug;
		};
		A7000004 /* Release */ = {
			isa = XCBuildConfiguration;
			buildSettings = {
				ALWAYS_SEARCH_USER_PATHS = NO;
				ASSETCATALOG_COMPILER_GENERATE_SWIFT_ASSET_SYMBOL_EXTENSIONS = YES;
				CLANG_ANALYZER_NONNULL = YES;
				CLANG_ANALYZER_NUMBER_OBJECT_CONVERSION = YES_AGGRESSIVE;
				CLANG_CXX_LANGUAGE_STANDARD = "gnu++20";
				CLANG_ENABLE_MODULES = YES;
				CLANG_ENABLE_OBJC_ARC = YES;
				CLANG_ENABLE_OBJC_WEAK = YES;
				CLANG_WARN_BLOCK_CAPTURE_AUTORELEASING = YES;
				CLANG_WARN_BOOL_CONVERSION = YES;
				CLANG_WARN_COMMA = YES;
				CLANG_WARN_CONSTANT_CONVERSION = YES;
				CLANG_WARN_DEPRECATED_OBJC_IMPLEMENTATIONS = YES;
				CLANG_WARN_DIRECT_OBJC_ISA_USAGE = YES_ERROR;
				CLANG_WARN_DOCUMENTATION_COMMENTS = YES;
				CLANG_WARN_EMPTY_BODY = YES;
				CLANG_WARN_ENUM_CONVERSION = YES;
				CLANG_WARN_INFINITE_RECURSION = YES;
				CLANG_WARN_INT_CONVERSION = YES;
				CLANG_WARN_NON_LITERAL_NULL_CONVERSION = YES;
				CLANG_WARN_OBJC_IMPLICIT_RETAIN_SELF = YES;
				CLANG_WARN_OBJC_LITERAL_CONVERSION = YES;
				CLANG_WARN_OBJC_ROOT_CLASS = YES_ERROR;
				CLANG_WARN_QUOTED_INCLUDE_IN_FRAMEWORK_HEADER = YES;
				CLANG_WARN_RANGE_LOOP_ANALYSIS = YES;
				CLANG_WARN_STRICT_PROTOTYPES = YES;
				CLANG_WARN_SUSPICIOUS_MOVE = YES;
				CLANG_WARN_UNGUARDED_AVAILABILITY = YES_AGGRESSIVE;
				CLANG_WARN_UNREACHABLE_CODE = YES;
				CLANG_WARN__DUPLICATE_METHOD_MATCH = YES;
				COPY_PHASE_STRIP = NO;
				DEBUG_INFORMATION_FORMAT = "dwarf-with-dsym";
				ENABLE_NS_ASSERTIONS = NO;
				ENABLE_STRICT_OBJC_MSGSEND = YES;
				ENABLE_USER_SCRIPT_SANDBOXING = YES;
				GCC_C_LANGUAGE_STANDARD = gnu17;
				GCC_NO_COMMON_BLOCKS = YES;
				GCC_WARN_64_TO_32_BIT_CONVERSION = YES;
				GCC_WARN_ABOUT_RETURN_TYPE = YES_ERROR;
				GCC_WARN_UNDECLARED_SELECTOR = YES;
				GCC_WARN_UNINITIALIZED_AUTOS = YES_AGGRESSIVE;
				GCC_WARN_UNUSED_FUNCTION = YES;
				GCC_WARN_UNUSED_VARIABLE = YES;
				LOCALIZATION_PREFERS_STRING_CATALOGS = YES;
				MACOSX_DEPLOYMENT_TARGET = 13.0;
				MTL_ENABLE_DEBUG_INFO = NO;
				MTL_FAST_MATH = YES;
				SDKROOT = macosx;
				SWIFT_COMPILATION_MODE = wholemodule;
			};
			name = Release;
		};
		A7000005 /* Debug */ = {
			isa = XCBuildConfiguration;
			buildSettings = {
				ASSETCATALOG_COMPILER_APPICON_NAME = AppIcon;
				ASSETCATALOG_COMPILER_GLOBAL_ACCENT_COLOR_NAME = AccentColor;
				CODE_SIGN_ENTITLEMENTS = TimeTrackerCompanion/TimeTrackerCompanion.entitlements;
				CODE_SIGN_STYLE = Automatic;
				COMBINE_HIDPI_IMAGES = YES;
				CURRENT_PROJECT_VERSION = 1;
				DEVELOPMENT_ASSET_PATHS = "";
				ENABLE_PREVIEWS = YES;
				GENERATE_INFOPLIST_FILE = YES;
				INFOPLIST_FILE = TimeTrackerCompanion/Info.plist;
				INFOPLIST_KEY_LSUIElement = YES;
				INFOPLIST_KEY_NSHumanReadableCopyright = "";
				LD_RUNPATH_SEARCH_PATHS = (
					"$(inherited)",
					"@executable_path/../Frameworks",
				);
				MARKETING_VERSION = 1.6.3;
				PRODUCT_BUNDLE_IDENTIFIER = com.timetracker.companion;
				PRODUCT_NAME = "$(TARGET_NAME)";
				SWIFT_EMIT_LOC_STRINGS = YES;
				SWIFT_VERSION = 5.0;
			};
			name = Debug;
		};
		A7000006 /* Release */ = {
			isa = XCBuildConfiguration;
			buildSettings = {
				ASSETCATALOG_COMPILER_APPICON_NAME = AppIcon;
				ASSETCATALOG_COMPILER_GLOBAL_ACCENT_COLOR_NAME = AccentColor;
				CODE_SIGN_ENTITLEMENTS = TimeTrackerCompanion/TimeTrackerCompanion.entitlements;
				CODE_SIGN_STYLE = Automatic;
				COMBINE_HIDPI_IMAGES = YES;
				CURRENT_PROJECT_VERSION = 1;
				DEVELOPMENT_ASSET_PATHS = "";
				ENABLE_PREVIEWS = YES;
				GENERATE_INFOPLIST_FILE = YES;
				INFOPLIST_FILE = TimeTrackerCompanion/Info.plist;
				INFOPLIST_KEY_LSUIElement = YES;
				INFOPLIST_KEY_NSHumanReadableCopyright = "";
				LD_RUNPATH_SEARCH_PATHS = (
					"$(inherited)",
					"@executable_path/../Frameworks",
				);
				MARKETING_VERSION = 1.6.3;
				PRODUCT_BUNDLE_IDENTIFIER = com.timetracker.companion;
				PRODUCT_NAME = "$(TARGET_NAME)";
				SWIFT_EMIT_LOC_STRINGS = YES;
				SWIFT_VERSION = 5.0;
			};
			name = Release;
		};
		B7000002 /* Debug */ = {
			isa = XCBuildConfiguration;
			buildSettings = {
				BUNDLE_LOADER = "$(TEST_HOST)";
				CODE_SIGN_STYLE = Automatic;
				CURRENT_PROJECT_VERSION = 1;
				GENERATE_INFOPLIST_FILE = YES;
				MACOSX_DEPLOYMENT_TARGET = 13.0;
				MARKETING_VERSION = 1.6.3;
				PRODUCT_BUNDLE_IDENTIFIER = com.timetracker.companion.tests;
				PRODUCT_NAME = "$(TARGET_NAME)";
				SWIFT_EMIT_LOC_STRINGS = NO;
				SWIFT_VERSION = 5.0;
				TEST_HOST = "$(BUILT_PRODUCTS_DIR)/TimeTrackerCompanion.app/$(BUNDLE_EXECUTABLE_FOLDER_PATH)/TimeTrackerCompanion";
			};
			name = Debug;
		};
		B7000003 /* Release */ = {
			isa = XCBuildConfiguration;
			buildSettings = {
				BUNDLE_LOADER = "$(TEST_HOST)";
				CODE_SIGN_STYLE = Automatic;
				CURRENT_PROJECT_VERSION = 1;
				GENERATE_INFOPLIST_FILE = YES;
				MACOSX_DEPLOYMENT_TARGET = 13.0;
				MARKETING_VERSION = 1.6.3;
				PRODUCT_BUNDLE_IDENTIFIER = com.timetracker.companion.tests;
				PRODUCT_NAME = "$(TARGET_NAME)";
				SWIFT_EMIT_LOC_STRINGS = NO;
				SWIFT_VERSION = 5.0;
				TEST_HOST = "$(BUILT_PRODUCTS_DIR)/TimeTrackerCompanion.app/$(BUNDLE_EXECUTABLE_FOLDER_PATH)/TimeTrackerCompanion";
			};
			name = Release;
		};
/* End XCBuildConfiguration section */

/* Begin XCConfigurationList section */
		A7000001 /* Build configuration list for PBXProject "TimeTrackerCompanion" */ = {
			isa = XCConfigurationList;
			buildConfigurations = (
				A7000002 /* Debug */,
				A7000004 /* Release */,
			);
			defaultConfigurationIsVisible = 0;
			defaultConfigurationName = Release;
		};
		A7000003 /* Build configuration list for PBXNativeTarget "TimeTrackerCompanion" */ = {
			isa = XCConfigurationList;
			buildConfigurations = (
				A7000005 /* Debug */,
				A7000006 /* Release */,
			);
			defaultConfigurationIsVisible = 0;
			defaultConfigurationName = Release;
		};
		B7000001 /* Build configuration list for PBXNativeTarget "TimeTrackerCompanionTests" */ = {
			isa = XCConfigurationList;
			buildConfigurations = (
				B7000002 /* Debug */,
				B7000003 /* Release */,
			);
			defaultConfigurationIsVisible = 0;
			defaultConfigurationName = Release;
		};
/* End XCConfigurationList section */
	};
	rootObject = A8000001 /* Project object */;
}
